
Microsoft Visual Studio Solution File, Format Version 12.00
# Visual Studio Version 17
VisualStudioVersion = 17.0.31903.59
MinimumVisualStudioVersion = 10.0.40219.1
Project("{9A19103F-16F7-4668-BE54-9A1E7A4F7556}") = "TheXamlGuy.TaskbarGroup.Foundation", "TheXamlGuy.TaskbarGroup.Foundation\TheXamlGuy.TaskbarGroup.Foundation.csproj", "{C632FABF-A191-406F-962B-CBE1F9B18A12}"
EndProject
Project("{9A19103F-16F7-4668-BE54-9A1E7A4F7556}") = "TheXamlGuy.TaskbarGroup.Core", "TheXamlGuy.TaskbarGroup.Core\TheXamlGuy.TaskbarGroup.Core.csproj", "{40D170F4-F8C1-4FAE-8A22-A22BF096BBEF}"
EndProject
Project("{FAE04EC0-301F-11D3-BF4B-00C04F79EFBC}") = "TheXamlGuy.TaskbarGroup.Flyout", "TheXamlGuy.TaskbarGroup.Flyout\TheXamlGuy.TaskbarGroup.Flyout.csproj", "{4B56828E-30D0-4EAF-89BC-480480989E6C}"
EndProject
Project("{9A19103F-16F7-4668-BE54-9A1E7A4F7556}") = "TheXamlGuy.TaskbarGroup", "TheXamlGuy.TaskbarGroup\TheXamlGuy.TaskbarGroup.csproj", "{1F70F55F-C04F-4FF7-8824-EF06AC4595BA}"
EndProject
Project("{FAE04EC0-301F-11D3-BF4B-00C04F79EFBC}") = "TheXamlGuy.TaskbarGroup.Flyout.Foundation", "TheXamlGuy.TaskbarGroup.Flyout.Foundation\TheXamlGuy.TaskbarGroup.Flyout.Foundation.csproj", "{35B035A4-E21B-4379-936B-6DEDA31AF860}"
EndProject
Global
	GlobalSection(SolutionConfigurationPlatforms) = preSolution
		Debug|Any CPU = Debug|Any CPU
		Debug|ARM = Debug|ARM
		Debug|ARM64 = Debug|ARM64
		Debug|x64 = Debug|x64
		Debug|x86 = Debug|x86
		Release|Any CPU = Release|Any CPU
		Release|ARM = Release|ARM
		Release|ARM64 = Release|ARM64
		Release|x64 = Release|x64
		Release|x86 = Release|x86
	EndGlobalSection
	GlobalSection(ProjectConfigurationPlatforms) = postSolution
		{C632FABF-A191-406F-962B-CBE1F9B18A12}.Debug|Any CPU.ActiveCfg = Debug|Any CPU
		{C632FABF-A191-406F-962B-CBE1F9B18A12}.Debug|Any CPU.Build.0 = Debug|Any CPU
		{C632FABF-A191-406F-962B-CBE1F9B18A12}.Debug|ARM.ActiveCfg = Debug|Any CPU
		{C632FABF-A191-406F-962B-CBE1F9B18A12}.Debug|ARM.Build.0 = Debug|Any CPU
		{C632FABF-A191-406F-962B-CBE1F9B18A12}.Debug|ARM64.ActiveCfg = Debug|Any CPU
		{C632FABF-A191-406F-962B-CBE1F9B18A12}.Debug|ARM64.Build.0 = Debug|Any CPU
		{C632FABF-A191-406F-962B-CBE1F9B18A12}.Debug|x64.ActiveCfg = Debug|x64
		{C632FABF-A191-406F-962B-CBE1F9B18A12}.Debug|x64.Build.0 = Debug|x64
		{C632FABF-A191-406F-962B-CBE1F9B18A12}.Debug|x86.ActiveCfg = Debug|Any CPU
		{C632FABF-A191-406F-962B-CBE1F9B18A12}.Debug|x86.Build.0 = Debug|Any CPU
		{C632FABF-A191-406F-962B-CBE1F9B18A12}.Release|Any CPU.ActiveCfg = Release|Any CPU
		{C632FABF-A191-406F-962B-CBE1F9B18A12}.Release|Any CPU.Build.0 = Release|Any CPU
		{C632FABF-A191-406F-962B-CBE1F9B18A12}.Release|ARM.ActiveCfg = Release|Any CPU
		{C632FABF-A191-406F-962B-CBE1F9B18A12}.Release|ARM.Build.0 = Release|Any CPU
		{C632FABF-A191-406F-962B-CBE1F9B18A12}.Release|ARM64.ActiveCfg = Release|Any CPU
		{C632FABF-A191-406F-962B-CBE1F9B18A12}.Release|ARM64.Build.0 = Release|Any CPU
		{C632FABF-A191-406F-962B-CBE1F9B18A12}.Release|x64.ActiveCfg = Release|Any CPU
		{C632FABF-A191-406F-962B-CBE1F9B18A12}.Release|x64.Build.0 = Release|Any CPU
		{C632FABF-A191-406F-962B-CBE1F9B18A12}.Release|x86.ActiveCfg = Release|Any CPU
		{C632FABF-A191-406F-962B-CBE1F9B18A12}.Release|x86.Build.0 = Release|Any CPU
		{40D170F4-F8C1-4FAE-8A22-A22BF096BBEF}.Debug|Any CPU.ActiveCfg = Debug|Any CPU
		{40D170F4-F8C1-4FAE-8A22-A22BF096BBEF}.Debug|Any CPU.Build.0 = Debug|Any CPU
		{40D170F4-F8C1-4FAE-8A22-A22BF096BBEF}.Debug|ARM.ActiveCfg = Debug|Any CPU
		{40D170F4-F8C1-4FAE-8A22-A22BF096BBEF}.Debug|ARM.Build.0 = Debug|Any CPU
		{40D170F4-F8C1-4FAE-8A22-A22BF096BBEF}.Debug|ARM64.ActiveCfg = Debug|Any CPU
		{40D170F4-F8C1-4FAE-8A22-A22BF096BBEF}.Debug|ARM64.Build.0 = Debug|Any CPU
		{40D170F4-F8C1-4FAE-8A22-A22BF096BBEF}.Debug|x64.ActiveCfg = Debug|x64
		{40D170F4-F8C1-4FAE-8A22-A22BF096BBEF}.Debug|x64.Build.0 = Debug|x64
		{40D170F4-F8C1-4FAE-8A22-A22BF096BBEF}.Debug|x86.ActiveCfg = Debug|Any CPU
		{40D170F4-F8C1-4FAE-8A22-A22BF096BBEF}.Debug|x86.Build.0 = Debug|Any CPU
		{40D170F4-F8C1-4FAE-8A22-A22BF096BBEF}.Release|Any CPU.ActiveCfg = Release|Any CPU
		{40D170F4-F8C1-4FAE-8A22-A22BF096BBEF}.Release|Any CPU.Build.0 = Release|Any CPU
		{40D170F4-F8C1-4FAE-8A22-A22BF096BBEF}.Release|ARM.ActiveCfg = Release|Any CPU
		{40D170F4-F8C1-4FAE-8A22-A22BF096BBEF}.Release|ARM.Build.0 = Release|Any CPU
		{40D170F4-F8C1-4FAE-8A22-A22BF096BBEF}.Release|ARM64.ActiveCfg = Release|Any CPU
		{40D170F4-F8C1-4FAE-8A22-A22BF096BBEF}.Release|ARM64.Build.0 = Release|Any CPU
		{40D170F4-F8C1-4FAE-8A22-A22BF096BBEF}.Release|x64.ActiveCfg = Release|Any CPU
		{40D170F4-F8C1-4FAE-8A22-A22BF096BBEF}.Release|x64.Build.0 = Release|Any CPU
		{40D170F4-F8C1-4FAE-8A22-A22BF096BBEF}.Release|x86.ActiveCfg = Release|Any CPU
		{40D170F4-F8C1-4FAE-8A22-A22BF096BBEF}.Release|x86.Build.0 = Release|Any CPU
		{4B56828E-30D0-4EAF-89BC-480480989E6C}.Debug|Any CPU.ActiveCfg = Debug|Any CPU
		{4B56828E-30D0-4EAF-89BC-480480989E6C}.Debug|Any CPU.Build.0 = Debug|Any CPU
		{4B56828E-30D0-4EAF-89BC-480480989E6C}.Debug|Any CPU.Deploy.0 = Debug|Any CPU
		{4B56828E-30D0-4EAF-89BC-480480989E6C}.Debug|ARM.ActiveCfg = Debug|Any CPU
		{4B56828E-30D0-4EAF-89BC-480480989E6C}.Debug|ARM.Build.0 = Debug|Any CPU
		{4B56828E-30D0-4EAF-89BC-480480989E6C}.Debug|ARM.Deploy.0 = Debug|Any CPU
		{4B56828E-30D0-4EAF-89BC-480480989E6C}.Debug|ARM64.ActiveCfg = Debug|Any CPU
		{4B56828E-30D0-4EAF-89BC-480480989E6C}.Debug|ARM64.Build.0 = Debug|Any CPU
		{4B56828E-30D0-4EAF-89BC-480480989E6C}.Debug|ARM64.Deploy.0 = Debug|Any CPU
		{4B56828E-30D0-4EAF-89BC-480480989E6C}.Debug|x64.ActiveCfg = Debug|x64
		{4B56828E-30D0-4EAF-89BC-480480989E6C}.Debug|x64.Build.0 = Debug|x64
		{4B56828E-30D0-4EAF-89BC-480480989E6C}.Debug|x64.Deploy.0 = Debug|x64
		{4B56828E-30D0-4EAF-89BC-480480989E6C}.Debug|x86.ActiveCfg = Debug|x86
		{4B56828E-30D0-4EAF-89BC-480480989E6C}.Debug|x86.Build.0 = Debug|x86
		{4B56828E-30D0-4EAF-89BC-480480989E6C}.Debug|x86.Deploy.0 = Debug|x86
		{4B56828E-30D0-4EAF-89BC-480480989E6C}.Release|Any CPU.ActiveCfg = Release|Any CPU
		{4B56828E-30D0-4EAF-89BC-480480989E6C}.Release|Any CPU.Build.0 = Release|Any CPU
		{4B56828E-30D0-4EAF-89BC-480480989E6C}.Release|Any CPU.Deploy.0 = Release|Any CPU
		{4B56828E-30D0-4EAF-89BC-480480989E6C}.Release|ARM.ActiveCfg = Release|Any CPU
		{4B56828E-30D0-4EAF-89BC-480480989E6C}.Release|ARM.Build.0 = Release|Any CPU
		{4B56828E-30D0-4EAF-89BC-480480989E6C}.Release|ARM.Deploy.0 = Release|Any CPU
		{4B56828E-30D0-4EAF-89BC-480480989E6C}.Release|ARM64.ActiveCfg = Release|Any CPU
		{4B56828E-30D0-4EAF-89BC-480480989E6C}.Release|ARM64.Build.0 = Release|Any CPU
		{4B56828E-30D0-4EAF-89BC-480480989E6C}.Release|ARM64.Deploy.0 = Release|Any CPU
		{4B56828E-30D0-4EAF-89BC-480480989E6C}.Release|x64.ActiveCfg = Release|x64
		{4B56828E-30D0-4EAF-89BC-480480989E6C}.Release|x64.Build.0 = Release|x64
		{4B56828E-30D0-4EAF-89BC-480480989E6C}.Release|x64.Deploy.0 = Release|x64
		{4B56828E-30D0-4EAF-89BC-480480989E6C}.Release|x86.ActiveCfg = Release|x86
		{4B56828E-30D0-4EAF-89BC-480480989E6C}.Release|x86.Build.0 = Release|x86
		{4B56828E-30D0-4EAF-89BC-480480989E6C}.Release|x86.Deploy.0 = Release|x86
		{1F70F55F-C04F-4FF7-8824-EF06AC4595BA}.Debug|Any CPU.ActiveCfg = Debug|Any CPU
		{1F70F55F-C04F-4FF7-8824-EF06AC4595BA}.Debug|Any CPU.Build.0 = Debug|Any CPU
		{1F70F55F-C04F-4FF7-8824-EF06AC4595BA}.Debug|ARM.ActiveCfg = Debug|Any CPU
		{1F70F55F-C04F-4FF7-8824-EF06AC4595BA}.Debug|ARM.Build.0 = Debug|Any CPU
		{1F70F55F-C04F-4FF7-8824-EF06AC4595BA}.Debug|ARM64.ActiveCfg = Debug|Any CPU
		{1F70F55F-C04F-4FF7-8824-EF06AC4595BA}.Debug|ARM64.Build.0 = Debug|Any CPU
		{1F70F55F-C04F-4FF7-8824-EF06AC4595BA}.Debug|x64.ActiveCfg = Debug|x64
		{1F70F55F-C04F-4FF7-8824-EF06AC4595BA}.Debug|x64.Build.0 = Debug|x64
		{1F70F55F-C04F-4FF7-8824-EF06AC4595BA}.Debug|x86.ActiveCfg = Debug|Any CPU
		{1F70F55F-C04F-4FF7-8824-EF06AC4595BA}.Debug|x86.Build.0 = Debug|Any CPU
		{1F70F55F-C04F-4FF7-8824-EF06AC4595BA}.Release|Any CPU.ActiveCfg = Release|Any CPU
		{1F70F55F-C04F-4FF7-8824-EF06AC4595BA}.Release|Any CPU.Build.0 = Release|Any CPU
		{1F70F55F-C04F-4FF7-8824-EF06AC4595BA}.Release|ARM.ActiveCfg = Release|Any CPU
		{1F70F55F-C04F-4FF7-8824-EF06AC4595BA}.Release|ARM.Build.0 = Release|Any CPU
		{1F70F55F-C04F-4FF7-8824-EF06AC4595BA}.Release|ARM64.ActiveCfg = Release|Any CPU
		{1F70F55F-C04F-4FF7-8824-EF06AC4595BA}.Release|ARM64.Build.0 = Release|Any CPU
		{1F70F55F-C04F-4FF7-8824-EF06AC4595BA}.Release|x64.ActiveCfg = Release|Any CPU
		{1F70F55F-C04F-4FF7-8824-EF06AC4595BA}.Release|x64.Build.0 = Release|Any CPU
		{1F70F55F-C04F-4FF7-8824-EF06AC4595BA}.Release|x86.ActiveCfg = Release|Any CPU
		{1F70F55F-C04F-4FF7-8824-EF06AC4595BA}.Release|x86.Build.0 = Release|Any CPU
		{35B035A4-E21B-4379-936B-6DEDA31AF860}.Debug|Any CPU.ActiveCfg = Debug|Any CPU
		{35B035A4-E21B-4379-936B-6DEDA31AF860}.Debug|Any CPU.Build.0 = Debug|Any CPU
		{35B035A4-E21B-4379-936B-6DEDA31AF860}.Debug|ARM.ActiveCfg = Debug|ARM
		{35B035A4-E21B-4379-936B-6DEDA31AF860}.Debug|ARM.Build.0 = Debug|ARM
		{35B035A4-E21B-4379-936B-6DEDA31AF860}.Debug|ARM64.ActiveCfg = Debug|ARM64
		{35B035A4-E21B-4379-936B-6DEDA31AF860}.Debug|ARM64.Build.0 = Debug|ARM64
		{35B035A4-E21B-4379-936B-6DEDA31AF860}.Debug|x64.ActiveCfg = Debug|x64
		{35B035A4-E21B-4379-936B-6DEDA31AF860}.Debug|x64.Build.0 = Debug|x64
		{35B035A4-E21B-4379-936B-6DEDA31AF860}.Debug|x86.ActiveCfg = Debug|x86
		{35B035A4-E21B-4379-936B-6DEDA31AF860}.Debug|x86.Build.0 = Debug|x86
		{35B035A4-E21B-4379-936B-6DEDA31AF860}.Release|Any CPU.ActiveCfg = Release|Any CPU
		{35B035A4-E21B-4379-936B-6DEDA31AF860}.Release|Any CPU.Build.0 = Release|Any CPU
		{35B035A4-E21B-4379-936B-6DEDA31AF860}.Release|ARM.ActiveCfg = Release|ARM
		{35B035A4-E21B-4379-936B-6DEDA31AF860}.Release|ARM.Build.0 = Release|ARM
		{35B035A4-E21B-4379-936B-6DEDA31AF860}.Release|ARM64.ActiveCfg = Release|ARM64
		{35B035A4-E21B-4379-936B-6DEDA31AF860}.Release|ARM64.Build.0 = Release|ARM64
		{35B035A4-E21B-4379-936B-6DEDA31AF860}.Release|x64.ActiveCfg = Release|x64
		{35B035A4-E21B-4379-936B-6DEDA31AF860}.Release|x64.Build.0 = Release|x64
		{35B035A4-E21B-4379-936B-6DEDA31AF860}.Release|x86.ActiveCfg = Release|x86
		{35B035A4-E21B-4379-936B-6DEDA31AF860}.Release|x86.Build.0 = Release|x86
	EndGlobalSection
	GlobalSection(SolutionProperties) = preSolution
		HideSolutionNode = FALSE
	EndGlobalSection
	GlobalSection(ExtensibilityGlobals) = postSolution
		SolutionGuid = {579B0371-17D6-45C2-99DD-E630CE50AF90}
	EndGlobalSection
EndGlobal
